Microsoft Visual Studio Solution File, Format Version 11.00
# Visual Studio 2008

Project("{C9744F65-22A0-77F7-7C2F-4E69EC16D84A}") = "FYPp", "Assembly-CSharp-firstpass.csproj", "{2801C3F6-993B-6A62-7AED-C107D80FEB5E}"
EndProject
Project("{C9744F65-22A0-77F7-7C2F-4E69EC16D84A}") = "FYPp", "Assembly-CSharp.csproj", "{F07BC943-5DCB-6BAC-C85B-6264565DCB4F}"
EndProject
Project("{C9744F65-22A0-77F7-7C2F-4E69EC16D84A}") = "FYPp", "Assembly-CSharp-Editor.csproj", "{13F22118-07B5-C43B-DEF0-34FC92BA8246}"
EndProject
Project("{C9744F65-22A0-77F7-7C2F-4E69EC16D84A}") = "FYPp", "Assembly-UnityScript-Editor.unityproj", "{9C3074EE-E6FE-515E-263A-2E710266981D}"
EndProject
Global
	GlobalSection(SolutionConfigurationPlatforms) = preSolution
		Debug|Any CPU = Debug|Any CPU
		Release|Any CPU = Release|Any CPU
	EndGlobalSection
	GlobalSection(ProjectConfigurationPlatforms) = postSolution
		{2801C3F6-993B-6A62-7AED-C107D80FEB5E}.Debug|Any CPU.ActiveCfg = Debug|Any CPU
		{2801C3F6-993B-6A62-7AED-C107D80FEB5E}.Debug|Any CPU.Build.0 = Debug|Any CPU
		{2801C3F6-993B-6A62-7AED-C107D80FEB5E}.Release|Any CPU.ActiveCfg = Release|Any CPU
		{2801C3F6-993B-6A62-7AED-C107D80FEB5E}.Release|Any CPU.Build.0 = Release|Any CPU
		{F07BC943-5DCB-6BAC-C85B-6264565DCB4F}.Debug|Any CPU.ActiveCfg = Debug|Any CPU
		{F07BC943-5DCB-6BAC-C85B-6264565DCB4F}.Debug|Any CPU.Build.0 = Debug|Any CPU
		{F07BC943-5DCB-6BAC-C85B-6264565DCB4F}.Release|Any CPU.ActiveCfg = Release|Any CPU
		{F07BC943-5DCB-6BAC-C85B-6264565DCB4F}.Release|Any CPU.Build.0 = Release|Any CPU
		{13F22118-07B5-C43B-DEF0-34FC92BA8246}.Debug|Any CPU.ActiveCfg = Debug|Any CPU
		{13F22118-07B5-C43B-DEF0-34FC92BA8246}.Debug|Any CPU.Build.0 = Debug|Any CPU
		{13F22118-07B5-C43B-DEF0-34FC92BA8246}.Release|Any CPU.ActiveCfg = Release|Any CPU
		{13F22118-07B5-C43B-DEF0-34FC92BA8246}.Release|Any CPU.Build.0 = Release|Any CPU
		{9C3074EE-E6FE-515E-263A-2E710266981D}.Debug|Any CPU.ActiveCfg = Debug|Any CPU
		{9C3074EE-E6FE-515E-263A-2E710266981D}.Debug|Any CPU.Build.0 = Debug|Any CPU
		{9C3074EE-E6FE-515E-263A-2E710266981D}.Release|Any CPU.ActiveCfg = Release|Any CPU
		{9C3074EE-E6FE-515E-263A-2E710266981D}.Release|Any CPU.Build.0 = Release|Any CPU
	EndGlobalSection
	GlobalSection(SolutionProperties) = preSolution
		HideSolutionNode = FALSE
	EndGlobalSection
																																																																																															GlobalSection(MonoDevelopProperties) = preSolution
		StartupItem = Assembly-CSharp.csproj
		Policies = $0
		$0.TextStylePolicy = $1
		$1.inheritsSet = null
		$1.scope = text/x-csharp
		$0.CSharpFormattingPolicy = $2
		$2.inheritsSet = Mono
		$2.inheritsScope = text/x-csharp
		$2.scope = text/x-csharp
		$0.TextStylePolicy = $3
		$3.FileWidth = 120
		$3.TabWidth = 4
		$3.IndentWidth = 4
		$3.EolMarker = Unix
		$3.inheritsSet = Mono
		$3.inheritsScope = text/plain
		$3.scope = text/plain
	EndGlobalSection

EndGlobal
